// !$*UTF8*$!
{
	archiveVersion = 1;
	classes = {
	};
	objectVersion = 46;
	objects = {

/* Begin PBXBuildFile section */
		FC1CFF911C88AC8300A4A438 /* PhotoViewController.swift in Sources */ = {isa = PBXBuildFile; fileRef = FC1CFF901C88AC8300A4A438 /* PhotoViewController.swift */; };
		FC1CFF941C88AF1D00A4A438 /* BaseTransition.swift in Sources */ = {isa = PBXBuildFile; fileRef = FC1CFF921C88AF1D00A4A438 /* BaseTransition.swift */; };
		FC1CFF951C88AF1D00A4A438 /* FadeTransition.swift in Sources */ = {isa = PBXBuildFile; fileRef = FC1CFF931C88AF1D00A4A438 /* FadeTransition.swift */; };
		FC1CFF971C88AF3000A4A438 /* PhotoTransition.swift in Sources */ = {isa = PBXBuildFile; fileRef = FC1CFF961C88AF3000A4A438 /* PhotoTransition.swift */; };
		FC1CFF991C88BBD200A4A438 /* Common.swift in Sources */ = {isa = PBXBuildFile; fileRef = FC1CFF981C88BBD200A4A438 /* Common.swift */; };
		FC98AE461C8892220035D733 /* AppDelegate.swift in Sources */ = {isa = PBXBuildFile; fileRef = FC98AE451C8892220035D733 /* AppDelegate.swift */; };
		FC98AE481C8892220035D733 /* ViewController.swift in Sources */ = {isa = PBXBuildFile; fileRef = FC98AE471C8892220035D733 /* ViewController.swift */; };
		FC98AE4B1C8892220035D733 /* Main.storyboard in Resources */ = {isa = PBXBuildFile; fileRef = FC98AE491C8892220035D733 /* Main.storyboard */; };
		FC98AE4D1C8892220035D733 /* Assets.xcassets in Resources */ = {isa = PBXBuildFile; fileRef = FC98AE4C1C8892220035D733 /* Assets.xcassets */; };
		FC98AE501C8892220035D733 /* LaunchScreen.storyboard in Resources */ = {isa = PBXBuildFile; fileRef = FC98AE4E1C8892220035D733 /* LaunchScreen.storyboard */; };
		FC98AE5B1C8892220035D733 /* Week_5_Assignment_FacebookTests.swift in Sources */ = {isa = PBXBuildFile; fileRef = FC98AE5A1C8892220035D733 /* Week_5_Assignment_FacebookTests.swift */; };
		FC98AE661C8892220035D733 /* Week_5_Assignment_FacebookUITests.swift in Sources */ = {isa = PBXBuildFile; fileRef = FC98AE651C8892220035D733 /* Week_5_Assignment_FacebookUITests.swift */; };
		FCD997961C889AB7006BC8D4 /* FeedViewController.swift in Sources */ = {isa = PBXBuildFile; fileRef = FCD997951C889AB7006BC8D4 /* FeedViewController.swift */; };
/* End PBXBuildFile section */

/* Begin PBXContainerItemProxy section */
		FC98AE571C8892220035D733 /* PBXContainerItemProxy */ = {
			isa = PBXContainerItemProxy;
			containerPortal = FC98AE3A1C8892210035D733 /* Project object */;
			proxyType = 1;
			remoteGlobalIDString = FC98AE411C8892210035D733;
			remoteInfo = "Week 5 Assignment_Facebook";
		};
		FC98AE621C8892220035D733 /* PBXContainerItemProxy */ = {
			isa = PBXContainerItemProxy;
			containerPortal = FC98AE3A1C8892210035D733 /* Project object */;
			proxyType = 1;
			remoteGlobalIDString = FC98AE411C8892210035D733;
			remoteInfo = "Week 5 Assignment_Facebook";
		};
/* End PBXContainerItemProxy section */

/* Begin PBXFileReference section */
		FC1CFF901C88AC8300A4A438 /* PhotoViewController.swift */ = {isa = PBXFileReference; fileEncoding = 4; lastKnownFileType = sourcecode.swift; path = PhotoViewController.swift; sourceTree = "<group>"; };
		FC1CFF921C88AF1D00A4A438 /* BaseTransition.swift */ = {isa = PBXFileReference; fileEncoding = 4; lastKnownFileType = sourcecode.swift; path = BaseTransition.swift; sourceTree = "<group>"; };
		FC1CFF931C88AF1D00A4A438 /* FadeTransition.swift */ = {isa = PBXFileReference; fileEncoding = 4; lastKnownFileType = sourcecode.swift; path = FadeTransition.swift; sourceTree = "<group>"; };
		FC1CFF961C88AF3000A4A438 /* PhotoTransition.swift */ = {isa = PBXFileReference; fileEncoding = 4; lastKnownFileType = sourcecode.swift; path = PhotoTransition.swift; sourceTree = "<group>"; };
		FC1CFF981C88BBD200A4A438 /* Common.swift */ = {isa = PBXFileReference; fileEncoding = 4; lastKnownFileType = sourcecode.swift; path = Common.swift; sourceTree = "<group>"; };
		FC98AE421C8892220035D733 /* Week 5 Assignment_Facebook.app */ = {isa = PBXFileReference; explicitFileType = wrapper.application; includeInIndex = 0; path = "Week 5 Assignment_Facebook.app"; sourceTree = BUILT_PRODUCTS_DIR; };
		FC98AE451C8892220035D733 /* AppDelegate.swift */ = {isa = PBXFileReference; lastKnownFileType = sourcecode.swift; path = AppDelegate.swift; sourceTree = "<group>"; };
		FC98AE471C8892220035D733 /* ViewController.swift */ = {isa = PBXFileReference; lastKnownFileType = sourcecode.swift; path = ViewController.swift; sourceTree = "<group>"; };
		FC98AE4A1C8892220035D733 /* Base */ = {isa = PBXFileReference; lastKnownFileType = file.storyboard; name = Base; path = Base.lproj/Main.storyboard; sourceTree = "<group>"; };
		FC98AE4C1C8892220035D733 /* Assets.xcassets */ = {isa = PBXFileReference; lastKnownFileType = folder.assetcatalog; path = Assets.xcassets; sourceTree = "<group>"; };
		FC98AE4F1C8892220035D733 /* Base */ = {isa = PBXFileReference; lastKnownFileType = file.storyboard; name = Base; path = Base.lproj/LaunchScreen.storyboard; sourceTree = "<group>"; };
		FC98AE511C8892220035D733 /* Info.plist */ = {isa = PBXFileReference; lastKnownFileType = text.plist.xml; path = Info.plist; sourceTree = "<group>"; };
		FC98AE561C8892220035D733 /* Week 5 Assignment_FacebookTests.xctest */ = {isa = PBXFileReference; explicitFileType = wrapper.cfbundle; includeInIndex = 0; path = "Week 5 Assignment_FacebookTests.xctest"; sourceTree = BUILT_PRODUCTS_DIR; };
		FC98AE5A1C8892220035D733 /* Week_5_Assignment_FacebookTests.swift */ = {isa = PBXFileReference; lastKnownFileType = sourcecode.swift; path = Week_5_Assignment_FacebookTests.swift; sourceTree = "<group>"; };
		FC98AE5C1C8892220035D733 /* Info.plist */ = {isa = PBXFileReference; lastKnownFileType = text.plist.xml; path = Info.plist; sourceTree = "<group>"; };
		FC98AE611C8892220035D733 /* Week 5 Assignment_FacebookUITests.xctest */ = {isa = PBXFileReference; explicitFileType = wrapper.cfbundle; includeInIndex = 0; path = "Week 5 Assignment_FacebookUITests.xctest"; sourceTree = BUILT_PRODUCTS_DIR; };
		FC98AE651C8892220035D733 /* Week_5_Assignment_FacebookUITests.swift */ = {isa = PBXFileReference; lastKnownFileType = sourcecode.swift; path = Week_5_Assignment_FacebookUITests.swift; sourceTree = "<group>"; };
		FC98AE671C8892220035D733 /* Info.plist */ = {isa = PBXFileReference; lastKnownFileType = text.plist.xml; path = Info.plist; sourceTree = "<group>"; };
		FCD997951C889AB7006BC8D4 /* FeedViewController.swift */ = {isa = PBXFileReference; fileEncoding = 4; lastKnownFileType = sourcecode.swift; path = FeedViewController.swift; sourceTree = "<group>"; };
/* End PBXFileReference section */

/* Begin PBXFrameworksBuildPhase section */
		FC98AE3F1C8892210035D733 /* Frameworks */ = {
			isa = PBXFrameworksBuildPhase;
			buildActionMask = 2147483647;
			files = (
			);
			runOnlyForDeploymentPostprocessing = 0;
		};
		FC98AE531C8892220035D733 /* Frameworks */ = {
			isa = PBXFrameworksBuildPhase;
			buildActionMask = 2147483647;
			files = (
			);
			runOnlyForDeploymentPostprocessing = 0;
		};
		FC98AE5E1C8892220035D733 /* Frameworks */ = {
			isa = PBXFrameworksBuildPhase;
			buildActionMask = 2147483647;
			files = (
			);
			runOnlyForDeploymentPostprocessing = 0;
		};
/* End PBXFrameworksBuildPhase section */

/* Begin PBXGroup section */
		FC98AE391C8892210035D733 = {
			isa = PBXGroup;
			children = (
				FC98AE441C8892220035D733 /* Week 5 Assignment_Facebook */,
				FC98AE591C8892220035D733 /* Week 5 Assignment_FacebookTests */,
				FC98AE641C8892220035D733 /* Week 5 Assignment_FacebookUITests */,
				FC98AE431C8892220035D733 /* Products */,
			);
			sourceTree = "<group>";
		};
		FC98AE431C8892220035D733 /* Products */ = {
			isa = PBXGroup;
			children = (
				FC98AE421C8892220035D733 /* Week 5 Assignment_Facebook.app */,
				FC98AE561C8892220035D733 /* Week 5 Assignment_FacebookTests.xctest */,
				FC98AE611C8892220035D733 /* Week 5 Assignment_FacebookUITests.xctest */,
			);
			name = Products;
			sourceTree = "<group>";
		};
		FC98AE441C8892220035D733 /* Week 5 Assignment_Facebook */ = {
			isa = PBXGroup;
			children = (
				FC98AE451C8892220035D733 /* AppDelegate.swift */,
				FC98AE471C8892220035D733 /* ViewController.swift */,
				FC98AE491C8892220035D733 /* Main.storyboard */,
				FCD997951C889AB7006BC8D4 /* FeedViewController.swift */,
				FC1CFF901C88AC8300A4A438 /* PhotoViewController.swift */,
				FC1CFF961C88AF3000A4A438 /* PhotoTransition.swift */,
				FC98AE4C1C8892220035D733 /* Assets.xcassets */,
				FC98AE4E1C8892220035D733 /* LaunchScreen.storyboard */,
				FC98AE511C8892220035D733 /* Info.plist */,
				FC1CFF981C88BBD200A4A438 /* Common.swift */,
				FC1CFF921C88AF1D00A4A438 /* BaseTransition.swift */,
				FC1CFF931C88AF1D00A4A438 /* FadeTransition.swift */,
			);
			path = "Week 5 Assignment_Facebook";
			sourceTree = "<group>";
		};
		FC98AE591C8892220035D733 /* Week 5 Assignment_FacebookTests */ = {
			isa = PBXGroup;
			children = (
				FC98AE5A1C8892220035D733 /* Week_5_Assignment_FacebookTests.swift */,
				FC98AE5C1C8892220035D733 /* Info.plist */,
			);
			path = "Week 5 Assignment_FacebookTests";
			sourceTree = "<group>";
		};
		FC98AE641C8892220035D733 /* Week 5 Assignment_FacebookUITests */ = {
			isa = PBXGroup;
			children = (
				FC98AE651C8892220035D733 /* Week_5_Assignment_FacebookUITests.swift */,
				FC98AE671C8892220035D733 /* Info.plist */,
			);
			path = "Week 5 Assignment_FacebookUITests";
			sourceTree = "<group>";
		};
/* End PBXGroup section */

/* Begin PBXNativeTarget section */
		FC98AE411C8892210035D733 /* Week 5 Assignment_Facebook */ = {
			isa = PBXNativeTarget;
			buildConfigurationList = FC98AE6A1C8892220035D733 /* Build configuration list for PBXNativeTarget "Week 5 Assignment_Facebook" */;
			buildPhases = (
				FC98AE3E1C8892210035D733 /* Sources */,
				FC98AE3F1C8892210035D733 /* Frameworks */,
				FC98AE401C8892210035D733 /* Resources */,
			);
			buildRules = (
			);
			dependencies = (
			);
			name = "Week 5 Assignment_Facebook";
			productName = "Week 5 Assignment_Facebook";
			productReference = FC98AE421C8892220035D733 /* Week 5 Assignment_Facebook.app */;
			productType = "com.apple.product-type.application";
		};
		FC98AE551C8892220035D733 /* Week 5 Assignment_FacebookTests */ = {
			isa = PBXNativeTarget;
			buildConfigurationList = FC98AE6D1C8892220035D733 /* Build configuration list for PBXNativeTarget "Week 5 Assignment_FacebookTests" */;
			buildPhases = (
				FC98AE521C8892220035D733 /* Sources */,
				FC98AE531C8892220035D733 /* Frameworks */,
				FC98AE541C8892220035D733 /* Resources */,
			);
			buildRules = (
			);
			dependencies = (
				FC98AE581C8892220035D733 /* PBXTargetDependency */,
			);
			name = "Week 5 Assignment_FacebookTests";
			productName = "Week 5 Assignment_FacebookTests";
			productReference = FC98AE561C8892220035D733 /* Week 5 Assignment_FacebookTests.xctest */;
			productType = "com.apple.product-type.bundle.unit-test";
		};
		FC98AE601C8892220035D733 /* Week 5 Assignment_FacebookUITests */ = {
			isa = PBXNativeTarget;
			buildConfigurationList = FC98AE701C8892220035D733 /* Build configuration list for PBXNativeTarget "Week 5 Assignment_FacebookUITests" */;
			buildPhases = (
				FC98AE5D1C8892220035D733 /* Sources */,
				FC98AE5E1C8892220035D733 /* Frameworks */,
				FC98AE5F1C8892220035D733 /* Resources */,
			);
			buildRules = (
			);
			dependencies = (
				FC98AE631C8892220035D733 /* PBXTargetDependency */,
			);
			name = "Week 5 Assignment_FacebookUITests";
			productName = "Week 5 Assignment_FacebookUITests";
			productReference = FC98AE611C8892220035D733 /* Week 5 Assignment_FacebookUITests.xctest */;
			productType = "com.apple.product-type.bundle.ui-testing";
		};
/* End PBXNativeTarget section */

/* Begin PBXProject section */
		FC98AE3A1C8892210035D733 /* Project object */ = {
			isa = PBXProject;
			attributes = {
				LastSwiftUpdateCheck = 0720;
				LastUpgradeCheck = 0720;
				ORGANIZATIONNAME = "Corwin Crownover";
				TargetAttributes = {
					FC98AE411C8892210035D733 = {
						CreatedOnToolsVersion = 7.2.1;
					};
					FC98AE551C8892220035D733 = {
						CreatedOnToolsVersion = 7.2.1;
						TestTargetID = FC98AE411C8892210035D733;
					};
					FC98AE601C8892220035D733 = {
						CreatedOnToolsVersion = 7.2.1;
						TestTargetID = FC98AE411C8892210035D733;
					};
				};
			};
			buildConfigurationList = FC98AE3D1C8892210035D733 /* Build configuration list for PBXProject "Week 5 Assignment_Facebook" */;
			compatibilityVersion = "Xcode 3.2";
			developmentRegion = English;
			hasScannedForEncodings = 0;
			knownRegions = (
				en,
				Base,
			);
			mainGroup = FC98AE391C8892210035D733;
			productRefGroup = FC98AE431C8892220035D733 /* Products */;
			projectDirPath = "";
			projectRoot = "";
			targets = (
				FC98AE411C8892210035D733 /* Week 5 Assignment_Facebook */,
				FC98AE551C8892220035D733 /* Week 5 Assignment_FacebookTests */,
				FC98AE601C8892220035D733 /* Week 5 Assignment_FacebookUITests */,
			);
		};
/* End PBXProject section */

/* Begin PBXResourcesBuildPhase section */
		FC98AE401C8892210035D733 /* Resources */ = {
			isa = PBXResourcesBuildPhase;
			buildActionMask = 2147483647;
			files = (
				FC98AE501C8892220035D733 /* LaunchScreen.storyboard in Resources */,
				FC98AE4D1C8892220035D733 /* Assets.xcassets in Resources */,
				FC98AE4B1C8892220035D733 /* Main.storyboard in Resources */,
			);
			runOnlyForDeploymentPostprocessing = 0;
		};
		FC98AE541C8892220035D733 /* Resources */ = {
			isa = PBXResourcesBuildPhase;
			buildActionMask = 2147483647;
			files = (
			);
			runOnlyForDeploymentPostprocessing = 0;
		};
		FC98AE5F1C8892220035D733 /* Resources */ = {
			isa = PBXResourcesBuildPhase;
			buildActionMask = 2147483647;
			files = (
			);
			runOnlyForDeploymentPostprocessing = 0;
		};
/* End PBXResourcesBuildPhase section */

/* Begin PBXSourcesBuildPhase section */
		FC98AE3E1C8892210035D733 /* Sources */ = {
			isa = PBXSourcesBuildPhase;
			buildActionMask = 2147483647;
			files = (
				FC1CFF991C88BBD200A4A438 /* Common.swift in Sources */,
				FC98AE481C8892220035D733 /* ViewController.swift in Sources */,
				FC1CFF941C88AF1D00A4A438 /* BaseTransition.swift in Sources */,
				FC1CFF911C88AC8300A4A438 /* PhotoViewController.swift in Sources */,
				FCD997961C889AB7006BC8D4 /* FeedViewController.swift in Sources */,
				FC1CFF971C88AF3000A4A438 /* PhotoTransition.swift in Sources */,
				FC1CFF951C88AF1D00A4A438 /* FadeTransition.swift in Sources */,
				FC98AE461C8892220035D733 /* AppDelegate.swift in Sources */,
			);
			runOnlyForDeploymentPostprocessing = 0;
		};
		FC98AE521C8892220035D733 /* Sources */ = {
			isa = PBXSourcesBuildPhase;
			buildActionMask = 2147483647;
			files = (
				FC98AE5B1C8892220035D733 /* Week_5_Assignment_FacebookTests.swift in Sources */,
			);
			runOnlyForDeploymentPostprocessing = 0;
		};
		FC98AE5D1C8892220035D733 /* Sources */ = {
			isa = PBXSourcesBuildPhase;
			buildActionMask = 2147483647;
			files = (
				FC98AE661C8892220035D733 /* Week_5_Assignment_FacebookUITests.swift in Sources */,
			);
			runOnlyForDeploymentPostprocessing = 0;
		};
/* End PBXSourcesBuildPhase section */

/* Begin PBXTargetDependency section */
		FC98AE581C8892220035D733 /* PBXTargetDependency */ = {
			isa = PBXTargetDependency;
			target = FC98AE411C8892210035D733 /* Week 5 Assignment_Facebook */;
			targetProxy = FC98AE571C8892220035D733 /* PBXContainerItemProxy */;
		};
		FC98AE631C8892220035D733 /* PBXTargetDependency */ = {
			isa = PBXTargetDependency;
			target = FC98AE411C8892210035D733 /* Week 5 Assignment_Facebook */;
			targetProxy = FC98AE621C8892220035D733 /* PBXContainerItemProxy */;
		};
/* End PBXTargetDependency section */

/* Begin PBXVariantGroup section */
		FC98AE491C8892220035D733 /* Main.storyboard */ = {
			isa = PBXVariantGroup;
			children = (
				FC98AE4A1C8892220035D733 /* Base */,
			);
			name = Main.storyboard;
			sourceTree = "<group>";
		};
		FC98AE4E1C8892220035D733 /* LaunchScreen.storyboard */ = {
			isa = PBXVariantGroup;
			children = (
				FC98AE4F1C8892220035D733 /* Base */,
			);
			name = LaunchScreen.storyboard;
			sourceTree = "<group>";
		};
/* End PBXVariantGroup section */

/* Begin XCBuildConfiguration section */
		FC98AE681C8892220035D733 /* Debug */ = {
			isa = XCBuildConfiguration;
			buildSettings = {
				ALWAYS_SEARCH_USER_PATHS = NO;
				CLANG_CXX_LANGUAGE_STANDARD = "gnu++0x";
				CLANG_CXX_LIBRARY = "libc++";
				CLANG_ENABLE_MODULES = YES;
				CLANG_ENABLE_OBJC_ARC = YES;
				CLANG_WARN_BOOL_CONVERSION = YES;
				CLANG_WARN_CONSTANT_CONVERSION = YES;
				CLANG_WARN_DIRECT_OBJC_ISA_USAGE = YES_ERROR;
				CLANG_WARN_EMPTY_BODY = YES;
				CLANG_WARN_ENUM_CONVERSION = YES;
				CLANG_WARN_INT_CONVERSION = YES;
				CLANG_WARN_OBJC_ROOT_CLASS = YES_ERROR;
				CLANG_WARN_UNREACHABLE_CODE = YES;
				CLANG_WARN__DUPLICATE_METHOD_MATCH = YES;
				"CODE_SIGN_IDENTITY[sdk=iphoneos*]" = "iPhone Developer";
				COPY_PHASE_STRIP = NO;
				DEBUG_INFORMATION_FORMAT = dwarf;
				ENABLE_STRICT_OBJC_MSGSEND = YES;
				ENABLE_TESTABILITY = YES;
				GCC_C_LANGUAGE_STANDARD = gnu99;
				GCC_DYNAMIC_NO_PIC = NO;
				GCC_NO_COMMON_BLOCKS = YES;
				GCC_OPTIMIZATION_LEVEL = 0;
				GCC_PREPROCESSOR_DEFINITIONS = (
					"DEBUG=1",
					"$(inherited)",
				);
				GCC_WARN_64_TO_32_BIT_CONVERSION = YES;
				GCC_WARN_ABOUT_RETURN_TYPE = YES_ERROR;
				GCC_WARN_UNDECLARED_SELECTOR = YES;
				GCC_WARN_UNINITIALIZED_AUTOS = YES_AGGRESSIVE;
				GCC_WARN_UNUSED_FUNCTION = YES;
				GCC_WARN_UNUSED_VARIABLE = YES;
				IPHONEOS_DEPLOYMENT_TARGET = 9.2;
				MTL_ENABLE_DEBUG_INFO = YES;
				ONLY_ACTIVE_ARCH = YES;
				SDKROOT = iphoneos;
				SWIFT_OPTIMIZATION_LEVEL = "-Onone";
			};
			name = Debug;
		};
		FC98AE691C8892220035D733 /* Release */ = {
			isa = XCBuildConfiguration;
			buildSettings = {
				ALWAYS_SEARCH_USER_PATHS = NO;
				CLANG_CXX_LANGUAGE_STANDARD = "gnu++0x";
				CLANG_CXX_LIBRARY = "libc++";
				CLANG_ENABLE_MODULES = YES;
				CLANG_ENABLE_OBJC_ARC = YES;
				CLANG_WARN_BOOL_CONVERSION = YES;
				CLANG_WARN_CONSTANT_CONVERSION = YES;
				CLANG_WARN_DIRECT_OBJC_ISA_USAGE = YES_ERROR;
				CLANG_WARN_EMPTY_BODY = YES;
				CLANG_WARN_ENUM_CONVERSION = YES;
				CLANG_WARN_INT_CONVERSION = YES;
				CLANG_WARN_OBJC_ROOT_CLASS = YES_ERROR;
				CLANG_WARN_UNREACHABLE_CODE = YES;
				CLANG_WARN__DUPLICATE_METHOD_MATCH = YES;
				"CODE_SIGN_IDENTITY[sdk=iphoneos*]" = "iPhone Developer";
				COPY_PHASE_STRIP = NO;
				DEBUG_INFORMATION_FORMAT = "dwarf-with-dsym";
				ENABLE_NS_ASSERTIONS = NO;
				ENABLE_STRICT_OBJC_MSGSEND = YES;
				GCC_C_LANGUAGE_STANDARD = gnu99;
				GCC_NO_COMMON_BLOCKS = YES;
				GCC_WARN_64_TO_32_BIT_CONVERSION = YES;
				GCC_WARN_ABOUT_RETURN_TYPE = YES_ERROR;
				GCC_WARN_UNDECLARED_SELECTOR = YES;
				GCC_WARN_UNINITIALIZED_AUTOS = YES_AGGRESSIVE;
				GCC_WARN_UNUSED_FUNCTION = YES;
				GCC_WARN_UNUSED_VARIABLE = YES;
				IPHONEOS_DEPLOYMENT_TARGET = 9.2;
				MTL_ENABLE_DEBUG_INFO = NO;
				SDKROOT = iphoneos;
				VALIDATE_PRODUCT = YES;
			};
			name = Release;
		};
		FC98AE6B1C8892220035D733 /* Debug */ = {
			isa = XCBuildConfiguration;
			buildSettings = {
				ASSETCATALOG_COMPILER_APPICON_NAME = AppIcon;
				INFOPLIST_FILE = "Week 5 Assignment_Facebook/Info.plist";
				LD_RUNPATH_SEARCH_PATHS = "$(inherited) @executable_path/Frameworks";
				PRODUCT_BUNDLE_IDENTIFIER = "C.Week-5-Assignment-Facebook";
				PRODUCT_NAME = "$(TARGET_NAME)";
			};
			name = Debug;
		};
		FC98AE6C1C8892220035D733 /* Release */ = {
			isa = XCBuildConfiguration;
			buildSettings = {
				ASSETCATALOG_COMPILER_APPICON_NAME = AppIcon;
				INFOPLIST_FILE = "Week 5 Assignment_Facebook/Info.plist";
				LD_RUNPATH_SEARCH_PATHS = "$(inherited) @executable_path/Frameworks";
				PRODUCT_BUNDLE_IDENTIFIER = "C.Week-5-Assignment-Facebook";
				PRODUCT_NAME = "$(TARGET_NAME)";
			};
			name = Release;
		};
		FC98AE6E1C8892220035D733 /* Debug */ = {
			isa = XCBuildConfiguration;
			buildSettings = {
				BUNDLE_LOADER = "$(TEST_HOST)";
				INFOPLIST_FILE = "Week 5 Assignment_FacebookTests/Info.plist";
				LD_RUNPATH_SEARCH_PATHS = "$(inherited) @executable_path/Frameworks @loader_path/Frameworks";
				PRODUCT_BUNDLE_IDENTIFIER = "C.Week-5-Assignment-FacebookTests";
				PRODUCT_NAME = "$(TARGET_NAME)";
				TEST_HOST = "$(BUILT_PRODUCTS_DIR)/Week 5 Assignment_Facebook.app/Week 5 Assignment_Facebook";
			};
			name = Debug;
		};
		FC98AE6F1C8892220035D733 /* Release */ = {
			isa = XCBuildConfiguration;
			buildSettings = {
				BUNDLE_LOADER = "$(TEST_HOST)";
				INFOPLIST_FILE = "Week 5 Assignment_FacebookTests/Info.plist";
				LD_RUNPATH_SEARCH_PATHS = "$(inherited) @executable_path/Frameworks @loader_path/Frameworks";
				PRODUCT_BUNDLE_IDENTIFIER = "C.Week-5-Assignment-FacebookTests";
				PRODUCT_NAME = "$(TARGET_NAME)";
				TEST_HOST = "$(BUILT_PRODUCTS_DIR)/Week 5 Assignment_Facebook.app/Week 5 Assignment_Facebook";
			};
			name = Release;
		};
		FC98AE711C8892220035D733 /* Debug */ = {
			isa = XCBuildConfiguration;
			buildSettings = {
				INFOPLIST_FILE = "Week 5 Assignment_FacebookUITests/Info.plist";
				LD_RUNPATH_SEARCH_PATHS = "$(inherited) @executable_path/Frameworks @loader_path/Frameworks";
				PRODUCT_BUNDLE_IDENTIFIER = "C.Week-5-Assignment-FacebookUITests";
				PRODUCT_NAME = "$(TARGET_NAME)";
				TEST_TARGET_NAME = "Week 5 Assignment_Facebook";
				USES_XCTRUNNER = YES;
			};
			name = Debug;
		};
		FC98AE721C8892220035D733 /* Release */ = {
			isa = XCBuildConfiguration;
			buildSettings = {
				INFOPLIST_FILE = "Week 5 Assignment_FacebookUITests/Info.plist";
				LD_RUNPATH_SEARCH_PATHS = "$(inherited) @executable_path/Frameworks @loader_path/Frameworks";
				PRODUCT_BUNDLE_IDENTIFIER = "C.Week-5-Assignment-FacebookUITests";
				PRODUCT_NAME = "$(TARGET_NAME)";
				TEST_TARGET_NAME = "Week 5 Assignment_Facebook";
				USES_XCTRUNNER = YES;
			};
			name = Release;
		};
/* End XCBuildConfiguration section */

/* Begin XCConfigurationList section */
		FC98AE3D1C8892210035D733 /* Build configuration list for PBXProject "Week 5 Assignment_Facebook" */ = {
			isa = XCConfigurationList;
			buildConfigurations = (
				FC98AE681C8892220035D733 /* Debug */,
				FC98AE691C8892220035D733 /* Release */,
			);
			defaultConfigurationIsVisible = 0;
			defaultConfigurationName = Release;
		};
		FC98AE6A1C8892220035D733 /* Build configuration list for PBXNativeTarget "Week 5 Assignment_Facebook" */ = {
			isa = XCConfigurationList;
			buildConfigurations = (
				FC98AE6B1C8892220035D733 /* Debug */,
				FC98AE6C1C8892220035D733 /* Release */,
			);
			defaultConfigurationIsVisible = 0;
			defaultConfigurationName = Release;
		};
		FC98AE6D1C8892220035D733 /* Build configuration list for PBXNativeTarget "Week 5 Assignment_FacebookTests" */ = {
			isa = XCConfigurationList;
			buildConfigurations = (
				FC98AE6E1C8892220035D733 /* Debug */,
				FC98AE6F1C8892220035D733 /* Release */,
			);
			defaultConfigurationIsVisible = 0;
			defaultConfigurationName = Release;
		};
		FC98AE701C8892220035D733 /* Build configuration list for PBXNativeTarget "Week 5 Assignment_FacebookUITests" */ = {
			isa = XCConfigurationList;
			buildConfigurations = (
				FC98AE711C8892220035D733 /* Debug */,
				FC98AE721C8892220035D733 /* Release */,
			);
			defaultConfigurationIsVisible = 0;
			defaultConfigurationName = Release;
		};
/* End XCConfigurationList section */
	};
	rootObject = FC98AE3A1C8892210035D733 /* Project object */;
}
